// !$*UTF8*$!
{
	archiveVersion = 1;
	classes = {
	};
	objectVersion = 50;
	objects = {

/* Begin PBXBuildFile section */
		04D7A5E324B665D10051FB37 /* Animation.swift in Sources */ = {isa = PBXBuildFile; fileRef = 04D7A5E224B665D10051FB37 /* Animation.swift */; };
		14B310AA23442A09005E2914 /* AppDelegate.swift in Sources */ = {isa = PBXBuildFile; fileRef = 14B310A923442A09005E2914 /* AppDelegate.swift */; };
		14B310AC23442A09005E2914 /* SceneDelegate.swift in Sources */ = {isa = PBXBuildFile; fileRef = 14B310AB23442A09005E2914 /* SceneDelegate.swift */; };
		14B310AE23442A09005E2914 /* ViewController.swift in Sources */ = {isa = PBXBuildFile; fileRef = 14B310AD23442A09005E2914 /* ViewController.swift */; };
		14B310B123442A09005E2914 /* Main.storyboard in Resources */ = {isa = PBXBuildFile; fileRef = 14B310AF23442A09005E2914 /* Main.storyboard */; };
		14B310B323442A0A005E2914 /* Assets.xcassets in Resources */ = {isa = PBXBuildFile; fileRef = 14B310B223442A0A005E2914 /* Assets.xcassets */; };
		14B310B623442A0A005E2914 /* LaunchScreen.storyboard in Resources */ = {isa = PBXBuildFile; fileRef = 14B310B423442A0A005E2914 /* LaunchScreen.storyboard */; };
		14B310BE23442DCA005E2914 /* SnowFlakeManager.swift in Sources */ = {isa = PBXBuildFile; fileRef = 14B310BD23442DCA005E2914 /* SnowFlakeManager.swift */; };
		14B310C223454A3B005E2914 /* bells.png in Resources */ = {isa = PBXBuildFile; fileRef = 14B310C023454A3B005E2914 /* bells.png */; };
		14B310C323454A3B005E2914 /* background.jpg in Resources */ = {isa = PBXBuildFile; fileRef = 14B310C123454A3B005E2914 /* background.jpg */; };
		14B310C623454AF2005E2914 /* song.mp3 in Resources */ = {isa = PBXBuildFile; fileRef = 14B310C523454AF2005E2914 /* song.mp3 */; };
		14B310C823454AFA005E2914 /* bell.mp3 in Resources */ = {isa = PBXBuildFile; fileRef = 14B310C723454AFA005E2914 /* bell.mp3 */; };
/* End PBXBuildFile section */

/* Begin PBXFileReference section */
		04D7A5E224B665D10051FB37 /* Animation.swift */ = {isa = PBXFileReference; lastKnownFileType = sourcecode.swift; path = Animation.swift; sourceTree = "<group>"; };
		14B310A623442A09005E2914 /* Christmas Countdown.app */ = {isa = PBXFileReference; explicitFileType = wrapper.application; includeInIndex = 0; path = "Christmas Countdown.app"; sourceTree = BUILT_PRODUCTS_DIR; };
		14B310A923442A09005E2914 /* AppDelegate.swift */ = {isa = PBXFileReference; lastKnownFileType = sourcecode.swift; path = AppDelegate.swift; sourceTree = "<group>"; };
		14B310AB23442A09005E2914 /* SceneDelegate.swift */ = {isa = PBXFileReference; lastKnownFileType = sourcecode.swift; path = SceneDelegate.swift; sourceTree = "<group>"; };
		14B310AD23442A09005E2914 /* ViewController.swift */ = {isa = PBXFileReference; lastKnownFileType = sourcecode.swift; path = ViewController.swift; sourceTree = "<group>"; };
		14B310B023442A09005E2914 /* Base */ = {isa = PBXFileReference; lastKnownFileType = file.storyboard; name = Base; path = Base.lproj/Main.storyboard; sourceTree = "<group>"; };
		14B310B223442A0A005E2914 /* Assets.xcassets */ = {isa = PBXFileReference; lastKnownFileType = folder.assetcatalog; path = Assets.xcassets; sourceTree = "<group>"; };
		14B310B523442A0A005E2914 /* Base */ = {isa = PBXFileReference; lastKnownFileType = file.storyboard; name = Base; path = Base.lproj/LaunchScreen.storyboard; sourceTree = "<group>"; };
		14B310B723442A0A005E2914 /* Info.plist */ = {isa = PBXFileReference; lastKnownFileType = text.plist.xml; path = Info.plist; sourceTree = "<group>"; };
		14B310BD23442DCA005E2914 /* SnowFlakeManager.swift */ = {isa = PBXFileReference; lastKnownFileType = sourcecode.swift; path = SnowFlakeManager.swift; sourceTree = "<group>"; };
		14B310C023454A3B005E2914 /* bells.png */ = {isa = PBXFileReference; lastKnownFileType = image.png; path = bells.png; sourceTree = "<group>"; };
		14B310C123454A3B005E2914 /* background.jpg */ = {isa = PBXFileReference; lastKnownFileType = image.jpeg; path = background.jpg; sourceTree = "<group>"; };
		14B310C523454AF2005E2914 /* song.mp3 */ = {isa = PBXFileReference; lastKnownFileType = audio.mp3; path = song.mp3; sourceTree = "<group>"; };
		14B310C723454AFA005E2914 /* bell.mp3 */ = {isa = PBXFileReference; lastKnownFileType = audio.mp3; path = bell.mp3; sourceTree = "<group>"; };
/* End PBXFileReference section */

/* Begin PBXFrameworksBuildPhase section */
		14B310A323442A09005E2914 /* Frameworks */ = {
			isa = PBXFrameworksBuildPhase;
			buildActionMask = 2147483647;
			files = (
			);
			runOnlyForDeploymentPostprocessing = 0;
		};
/* End PBXFrameworksBuildPhase section */

/* Begin PBXGroup section */
		14B3109D23442A09005E2914 = {
			isa = PBXGroup;
			children = (
				14B310A823442A09005E2914 /* Christmas Countdown */,
				14B310A723442A09005E2914 /* Products */,
			);
			sourceTree = "<group>";
		};
		14B310A723442A09005E2914 /* Products */ = {
			isa = PBXGroup;
			children = (
				14B310A623442A09005E2914 /* Christmas Countdown.app */,
			);
			name = Products;
			sourceTree = "<group>";
		};
		14B310A823442A09005E2914 /* Christmas Countdown */ = {
			isa = PBXGroup;
			children = (
				14B310BF23454A2D005E2914 /* Media */,
				14B310A923442A09005E2914 /* AppDelegate.swift */,
				14B310AB23442A09005E2914 /* SceneDelegate.swift */,
				14B310AD23442A09005E2914 /* ViewController.swift */,
				14B310BD23442DCA005E2914 /* SnowFlakeManager.swift */,
				04D7A5E224B665D10051FB37 /* Animation.swift */,
				14B310AF23442A09005E2914 /* Main.storyboard */,
				14B310B423442A0A005E2914 /* LaunchScreen.storyboard */,
				14B310B723442A0A005E2914 /* Info.plist */,
				14B310B223442A0A005E2914 /* Assets.xcassets */,
			);
			path = "Christmas Countdown";
			sourceTree = "<group>";
		};
		14B310BF23454A2D005E2914 /* Media */ = {
			isa = PBXGroup;
			children = (
				14B310C723454AFA005E2914 /* bell.mp3 */,
				14B310C523454AF2005E2914 /* song.mp3 */,
				14B310C123454A3B005E2914 /* background.jpg */,
				14B310C023454A3B005E2914 /* bells.png */,
			);
			path = Media;
			sourceTree = "<group>";
		};
/* End PBXGroup section */

/* Begin PBXNativeTarget section */
		14B310A523442A09005E2914 /* Christmas Countdown */ = {
			isa = PBXNativeTarget;
			buildConfigurationList = 14B310BA23442A0A005E2914 /* Build configuration list for PBXNativeTarget "Christmas Countdown" */;
			buildPhases = (
				14B310A223442A09005E2914 /* Sources */,
				14B310A323442A09005E2914 /* Frameworks */,
				14B310A423442A09005E2914 /* Resources */,
			);
			buildRules = (
			);
			dependencies = (
			);
			name = "Christmas Countdown";
			productName = "Christmas Countdown";
			productReference = 14B310A623442A09005E2914 /* Christmas Countdown.app */;
			productType = "com.apple.product-type.application";
		};
/* End PBXNativeTarget section */

/* Begin PBXProject section */
		14B3109E23442A09005E2914 /* Project object */ = {
			isa = PBXProject;
			attributes = {
				LastSwiftUpdateCheck = 1100;
				LastUpgradeCheck = 1100;
				ORGANIZATIONNAME = "Sean Patterson";
				TargetAttributes = {
					14B310A523442A09005E2914 = {
						CreatedOnToolsVersion = 11.0;
					};
				};
			};
			buildConfigurationList = 14B310A123442A09005E2914 /* Build configuration list for PBXProject "Christmas Countdown" */;
			compatibilityVersion = "Xcode 9.3";
			developmentRegion = en;
			hasScannedForEncodings = 0;
			knownRegions = (
				en,
				Base,
			);
			mainGroup = 14B3109D23442A09005E2914;
			productRefGroup = 14B310A723442A09005E2914 /* Products */;
			projectDirPath = "";
			projectRoot = "";
			targets = (
				14B310A523442A09005E2914 /* Christmas Countdown */,
			);
		};
/* End PBXProject section */

/* Begin PBXResourcesBuildPhase section */
		14B310A423442A09005E2914 /* Resources */ = {
			isa = PBXResourcesBuildPhase;
			buildActionMask = 2147483647;
			files = (
				14B310B623442A0A005E2914 /* LaunchScreen.storyboard in Resources */,
				14B310C323454A3B005E2914 /* background.jpg in Resources */,
				14B310B323442A0A005E2914 /* Assets.xcassets in Resources */,
				14B310C823454AFA005E2914 /* bell.mp3 in Resources */,
				14B310C223454A3B005E2914 /* bells.png in Resources */,
				14B310B123442A09005E2914 /* Main.storyboard in Resources */,
				14B310C623454AF2005E2914 /* song.mp3 in Resources */,
			);
			runOnlyForDeploymentPostprocessing = 0;
		};
/* End PBXResourcesBuildPhase section */

/* Begin PBXSourcesBuildPhase section */
		14B310A223442A09005E2914 /* Sources */ = {
			isa = PBXSourcesBuildPhase;
			buildActionMask = 2147483647;
			files = (
				14B310AE23442A09005E2914 /* ViewController.swift in Sources */,
				14B310AA23442A09005E2914 /* AppDelegate.swift in Sources */,
				14B310BE23442DCA005E2914 /* SnowFlakeManager.swift in Sources */,
				04D7A5E324B665D10051FB37 /* Animation.swift in Sources */,
				14B310AC23442A09005E2914 /* SceneDelegate.swift in Sources */,
			);
			runOnlyForDeploymentPostprocessing = 0;
		};
/* End PBXSourcesBuildPhase section */

/* Begin PBXVariantGroup section */
		14B310AF23442A09005E2914 /* Main.storyboard */ = {
			isa = PBXVariantGroup;
			children = (
				14B310B023442A09005E2914 /* Base */,
			);
			name = Main.storyboard;
			sourceTree = "<group>";
		};
		14B310B423442A0A005E2914 /* LaunchScreen.storyboard */ = {
			isa = PBXVariantGroup;
			children = (
				14B310B523442A0A005E2914 /* Base */,
			);
			name = LaunchScreen.storyboard;
			sourceTree = "<group>";
		};
/* End PBXVariantGroup section */

/* Begin XCBuildConfiguration section */
		14B310B823442A0A005E2914 /* Debug */ = {
			isa = XCBuildConfiguration;
			buildSettings = {
				ALWAYS_SEARCH_USER_PATHS = NO;
				CLANG_ANALYZER_NONNULL = YES;
				CLANG_ANALYZER_NUMBER_OBJECT_CONVERSION = YES_AGGRESSIVE;
				CLANG_CXX_LANGUAGE_STANDARD = "gnu++14";
				CLANG_CXX_LIBRARY = "libc++";
				CLANG_ENABLE_MODULES = YES;
				CLANG_ENABLE_OBJC_ARC = YES;
				CLANG_ENABLE_OBJC_WEAK = YES;
				CLANG_WARN_BLOCK_CAPTURE_AUTORELEASING = YES;
				CLANG_WARN_BOOL_CONVERSION = YES;
				CLANG_WARN_COMMA = YES;
				CLANG_WARN_CONSTANT_CONVERSION = YES;
				CLANG_WARN_DEPRECATED_OBJC_IMPLEMENTATIONS = YES;
				CLANG_WARN_DIRECT_OBJC_ISA_USAGE = YES_ERROR;
				CLANG_WARN_DOCUMENTATION_COMMENTS = YES;
				CLANG_WARN_EMPTY_BODY = YES;
				CLANG_WARN_ENUM_CONVERSION = YES;
				CLANG_WARN_INFINITE_RECURSION = YES;
				CLANG_WARN_INT_CONVERSION = YES;
				CLANG_WARN_NON_LITERAL_NULL_CONVERSION = YES;
				CLANG_WARN_OBJC_IMPLICIT_RETAIN_SELF = YES;
				CLANG_WARN_OBJC_LITERAL_CONVERSION = YES;
				CLANG_WARN_OBJC_ROOT_CLASS = YES_ERROR;
				CLANG_WARN_RANGE_LOOP_ANALYSIS = YES;
				CLANG_WARN_STRICT_PROTOTYPES = YES;
				CLANG_WARN_SUSPICIOUS_MOVE = YES;
				CLANG_WARN_UNGUARDED_AVAILABILITY = YES_AGGRESSIVE;
				CLANG_WARN_UNREACHABLE_CODE = YES;
				CLANG_WARN__DUPLICATE_METHOD_MATCH = YES;
				COPY_PHASE_STRIP = NO;
				DEBUG_INFORMATION_FORMAT = dwarf;
				ENABLE_STRICT_OBJC_MSGSEND = YES;
				ENABLE_TESTABILITY = YES;
				GCC_C_LANGUAGE_STANDARD = gnu11;
				GCC_DYNAMIC_NO_PIC = NO;
				GCC_NO_COMMON_BLOCKS = YES;
				GCC_OPTIMIZATION_LEVEL = 0;
				GCC_PREPROCESSOR_DEFINITIONS = (
					"DEBUG=1",
					"$(inherited)",
				);
				GCC_WARN_64_TO_32_BIT_CONVERSION = YES;
				GCC_WARN_ABOUT_RETURN_TYPE = YES_ERROR;
				GCC_WARN_UNDECLARED_SELECTOR = YES;
				GCC_WARN_UNINITIALIZED_AUTOS = YES_AGGRESSIVE;
				GCC_WARN_UNUSED_FUNCTION = YES;
				GCC_WARN_UNUSED_VARIABLE = YES;
				IPHONEOS_DEPLOYMENT_TARGET = 13.0;
				MTL_ENABLE_DEBUG_INFO = INCLUDE_SOURCE;
				MTL_FAST_MATH = YES;
				ONLY_ACTIVE_ARCH = YES;
				SDKROOT = iphoneos;
				SWIFT_ACTIVE_COMPILATION_CONDITIONS = DEBUG;
				SWIFT_OPTIMIZATION_LEVEL = "-Onone";
			};
			name = Debug;
		};
		14B310B923442A0A005E2914 /* Release */ = {
			isa = XCBuildConfiguration;
			buildSettings = {
				ALWAYS_SEARCH_USER_PATHS = NO;
				CLANG_ANALYZER_NONNULL = YES;
				CLANG_ANALYZER_NUMBER_OBJECT_CONVERSION = YES_AGGRESSIVE;
				CLANG_CXX_LANGUAGE_STANDARD = "gnu++14";
				CLANG_CXX_LIBRARY = "libc++";
				CLANG_ENABLE_MODULES = YES;
				CLANG_ENABLE_OBJC_ARC = YES;
				CLANG_ENABLE_OBJC_WEAK = YES;
				CLANG_WARN_BLOCK_CAPTURE_AUTORELEASING = YES;
				CLANG_WARN_BOOL_CONVERSION = YES;
				CLANG_WARN_COMMA = YES;
				CLANG_WARN_CONSTANT_CONVERSION = YES;
				CLANG_WARN_DEPRECATED_OBJC_IMPLEMENTATIONS = YES;
				CLANG_WARN_DIRECT_OBJC_ISA_USAGE = YES_ERROR;
				CLANG_WARN_DOCUMENTATION_COMMENTS = YES;
				CLANG_WARN_EMPTY_BODY = YES;
				CLANG_WARN_ENUM_CONVERSION = YES;
				CLANG_WARN_INFINITE_RECURSION = YES;
				CLANG_WARN_INT_CONVERSION = YES;
				CLANG_WARN_NON_LITERAL_NULL_CONVERSION = YES;
				CLANG_WARN_OBJC_IMPLICIT_RETAIN_SELF = YES;
				CLANG_WARN_OBJC_LITERAL_CONVERSION = YES;
				CLANG_WARN_OBJC_ROOT_CLASS = YES_ERROR;
				CLANG_WARN_RANGE_LOOP_ANALYSIS = YES;
				CLANG_WARN_STRICT_PROTOTYPES = YES;
				CLANG_WARN_SUSPICIOUS_MOVE = YES;
				CLANG_WARN_UNGUARDED_AVAILABILITY = YES_AGGRESSIVE;
				CLANG_WARN_UNREACHABLE_CODE = YES;
				CLANG_WARN__DUPLICATE_METHOD_MATCH = YES;
				COPY_PHASE_STRIP = NO;
				DEBUG_INFORMATION_FORMAT = "dwarf-with-dsym";
				ENABLE_NS_ASSERTIONS = NO;
				ENABLE_STRICT_OBJC_MSGSEND = YES;
				GCC_C_LANGUAGE_STANDARD = gnu11;
				GCC_NO_COMMON_BLOCKS = YES;
				GCC_WARN_64_TO_32_BIT_CONVERSION = YES;
				GCC_WARN_ABOUT_RETURN_TYPE = YES_ERROR;
				GCC_WARN_UNDECLARED_SELECTOR = YES;
				GCC_WARN_UNINITIALIZED_AUTOS = YES_AGGRESSIVE;
				GCC_WARN_UNUSED_FUNCTION = YES;
				GCC_WARN_UNUSED_VARIABLE = YES;
				IPHONEOS_DEPLOYMENT_TARGET = 13.0;
				MTL_ENABLE_DEBUG_INFO = NO;
				MTL_FAST_MATH = YES;
				SDKROOT = iphoneos;
				SWIFT_COMPILATION_MODE = wholemodule;
				SWIFT_OPTIMIZATION_LEVEL = "-O";
				VALIDATE_PRODUCT = YES;
			};
			name = Release;
		};
		14B310BB23442A0A005E2914 /* Debug */ = {
			isa = XCBuildConfiguration;
			buildSettings = {
				ASSETCATALOG_COMPILER_APPICON_NAME = AppIcon;
				CODE_SIGN_IDENTITY = "iPhone Distribution";
				CODE_SIGN_STYLE = Manual;
				CURRENT_PROJECT_VERSION = 2;
				DEVELOPMENT_TEAM = Z4JJZ2GKLM;
				INFOPLIST_FILE = "Christmas Countdown/Info.plist";
				LD_RUNPATH_SEARCH_PATHS = (
					"$(inherited)",
					"@executable_path/Frameworks",
				);
				MARKETING_VERSION = 1.1;
				PRODUCT_BUNDLE_IDENTIFIER = "bossondesign.Christmas-Countdown";
				PRODUCT_NAME = "Christmas Countdown";
				PROVISIONING_PROFILE_SPECIFIER = "Christmas Countdown";
				SWIFT_VERSION = 5.0;
				TARGETED_DEVICE_FAMILY = "1,2";
			};
			name = Debug;
		};
		14B310BC23442A0A005E2914 /* Release */ = {
			isa = XCBuildConfiguration;
			buildSettings = {
				ASSETCATALOG_COMPILER_APPICON_NAME = AppIcon;
				CODE_SIGN_IDENTITY = "iPhone Distribution";
				CODE_SIGN_STYLE = Manual;
				CURRENT_PROJECT_VERSION = 2;
				DEVELOPMENT_TEAM = Z4JJZ2GKLM;
				INFOPLIST_FILE = "Christmas Countdown/Info.plist";
				LD_RUNPATH_SEARCH_PATHS = (
					"$(inherited)",
					"@executable_path/Frameworks",
				);
				MARKETING_VERSION = 1.1;
				PRODUCT_BUNDLE_IDENTIFIER = "bossondesign.Christmas-Countdown";
				PRODUCT_NAME = "Christmas Countdown";
				PROVISIONING_PROFILE_SPECIFIER = "Christmas Countdown";
				SWIFT_VERSION = 5.0;
				TARGETED_DEVICE_FAMILY = "1,2";
			};
			name = Release;
		};
/* End XCBuildConfiguration section */

/* Begin XCConfigurationList section */
		14B310A123442A09005E2914 /* Build configuration list for PBXProject "Christmas Countdown" */ = {
			isa = XCConfigurationList;
			buildConfigurations = (
				14B310B823442A0A005E2914 /* Debug */,
				14B310B923442A0A005E2914 /* Release */,
			);
			defaultConfigurationIsVisible = 0;
			defaultConfigurationName = Release;
		};
		14B310BA23442A0A005E2914 /* Build configuration list for PBXNativeTarget "Christmas Countdown" */ = {
			isa = XCConfigurationList;
			buildConfigurations = (
				14B310BB23442A0A005E2914 /* Debug */,
				14B310BC23442A0A005E2914 /* Release */,
			);
			defaultConfigurationIsVisible = 0;
			defaultConfigurationName = Release;
		};
/* End XCConfigurationList section */
	};
	rootObject = 14B3109E23442A09005E2914 /* Project object */;
}
